{
  "name": "Job.GestionCobranzas",
  "version": "1.0.0",
  "lockfileVersion": 1,
  "requires": true,
  "dependencies": {
    "addressparser": {
      "version": "https://registry.npmjs.org/addressparser/-/addressparser-1.0.1.tgz",
      "integrity": "sha1-R6++GiqSYhkdtoOOT9HTm0CCF0Y="
    },
    "async": {
      "version": "https://registry.npmjs.org/async/-/async-2.1.5.tgz",
      "integrity": "sha1-5YfGhYCZSsZ/xW/4bTrFa9voELw=",
      "requires": {
        "lodash": "https://registry.npmjs.org/lodash/-/lodash-4.17.4.tgz"
      }
    },
    "buildmail": {
      "version": "https://registry.npmjs.org/buildmail/-/buildmail-4.0.0.tgz",
      "integrity": "sha1-c6LONJLlNBfzBvwb4yS+9Eo8Tqc=",
      "requires": {
        "addressparser": "https://registry.npmjs.org/addressparser/-/addressparser-1.0.1.tgz",
        "libbase64": "https://registry.npmjs.org/libbase64/-/libbase64-0.1.0.tgz",
        "libmime": "https://registry.npmjs.org/libmime/-/libmime-3.0.0.tgz",
        "libqp": "https://registry.npmjs.org/libqp/-/libqp-1.1.0.tgz",
        "nodemailer-fetch": "https://registry.npmjs.org/nodemailer-fetch/-/nodemailer-fetch-1.6.0.tgz",
        "nodemailer-shared": "https://registry.npmjs.org/nodemailer-shared/-/nodemailer-shared-1.1.0.tgz",
        "punycode": "https://registry.npmjs.org/punycode/-/punycode-2.1.0.tgz"
      }
    },
    "core-util-is": {
      "version": "https://registry.npmjs.org/core-util-is/-/core-util-is-1.0.2.tgz",
      "integrity": "sha1-tf1UIgqivFq1eqtxQMlAdUUDwac="
    },
    "cron-parser": {
      "version": "https://registry.npmjs.org/cron-parser/-/cron-parser-2.4.1.tgz",
      "integrity": "sha1-Aivvzhryk+TTFE/wTCy9LttJEnE=",
      "requires": {
        "is-nan": "https://registry.npmjs.org/is-nan/-/is-nan-1.2.1.tgz",
        "moment-timezone": "https://registry.npmjs.org/moment-timezone/-/moment-timezone-0.5.13.tgz"
      }
    },
    "date-and-time": {
      "version": "0.5.0",
      "resolved": "https://registry.npmjs.org/date-and-time/-/date-and-time-0.5.0.tgz",
      "integrity": "sha512-ltkWbWrpst4Ymjt0Ksv7wiVLlU05i73mzc/CQ0nYMno+nl8SFKp47qgov9STRnpDOWpfMHoK2K9bMUcKt59Utg=="
    },
    "date-format": {
      "version": "https://registry.npmjs.org/date-format/-/date-format-0.0.0.tgz",
      "integrity": "sha1-CSBoY6sHDrRZrOpVQsvYVrEZZrM="
    },
    "debug": {
      "version": "https://registry.npmjs.org/debug/-/debug-2.6.8.tgz",
      "integrity": "sha1-5zFTHKLt4n0YgiJCfaF4IdaP9Pw=",
      "requires": {
        "ms": "https://registry.npmjs.org/ms/-/ms-2.0.0.tgz"
      }
    },
    "define-properties": {
      "version": "https://registry.npmjs.org/define-properties/-/define-properties-1.1.2.tgz",
      "integrity": "sha1-g6c/L+pWmJj7c3GTyPhzyvbUXJQ=",
      "requires": {
        "foreach": "https://registry.npmjs.org/foreach/-/foreach-2.0.5.tgz",
        "object-keys": "https://registry.npmjs.org/object-keys/-/object-keys-1.0.11.tgz"
      }
    },
    "foreach": {
      "version": "https://registry.npmjs.org/foreach/-/foreach-2.0.5.tgz",
      "integrity": "sha1-C+4AUBiusmDQo6865ljdATbsG5k="
    },
    "httpntlm": {
      "version": "https://registry.npmjs.org/httpntlm/-/httpntlm-1.6.1.tgz",
      "integrity": "sha1-rQFScUOi6Hc8+uapb1hla7UqNLI=",
      "requires": {
        "httpreq": "https://registry.npmjs.org/httpreq/-/httpreq-0.4.24.tgz",
        "underscore": "https://registry.npmjs.org/underscore/-/underscore-1.7.0.tgz"
      }
    },
    "httpreq": {
      "version": "https://registry.npmjs.org/httpreq/-/httpreq-0.4.24.tgz",
      "integrity": "sha1-QzX/2CzZaWaKOUZckprGHWOTYn8="
    },
    "iconv-lite": {
      "version": "https://registry.npmjs.org/iconv-lite/-/iconv-lite-0.4.15.tgz",
      "integrity": "sha1-/iZaIYrGpXz+hUkn6dBMGYJe3es="
    },
    "inherits": {
      "version": "https://registry.npmjs.org/inherits/-/inherits-2.0.3.tgz",
      "integrity": "sha1-Yzwsg+PaQqUC9SRmAiSA9CCCYd4="
    },
    "ip": {
      "version": "https://registry.npmjs.org/ip/-/ip-1.1.5.tgz",
      "integrity": "sha1-vd7XARQpCCjAoDnnLvJfWq7ENUo="
    },
    "is-nan": {
      "version": "https://registry.npmjs.org/is-nan/-/is-nan-1.2.1.tgz",
      "integrity": "sha1-n69ltvttskt/XAYoR16nH5iEAeI=",
      "requires": {
        "define-properties": "https://registry.npmjs.org/define-properties/-/define-properties-1.1.2.tgz"
      }
    },
    "isarray": {
      "version": "https://registry.npmjs.org/isarray/-/isarray-0.0.1.tgz",
      "integrity": "sha1-ihis/Kmo9Bd+Cav8YDiTmwXR7t8="
    },
    "libbase64": {
      "version": "https://registry.npmjs.org/libbase64/-/libbase64-0.1.0.tgz",
      "integrity": "sha1-YjUag5VjrF/1vSbxL2Dpgwu3UeY="
    },
    "libmime": {
      "version": "https://registry.npmjs.org/libmime/-/libmime-3.0.0.tgz",
      "integrity": "sha1-UaGp50SOy9Ms2lRCFnW7IbwJPaY=",
      "requires": {
        "iconv-lite": "https://registry.npmjs.org/iconv-lite/-/iconv-lite-0.4.15.tgz",
        "libbase64": "https://registry.npmjs.org/libbase64/-/libbase64-0.1.0.tgz",
        "libqp": "https://registry.npmjs.org/libqp/-/libqp-1.1.0.tgz"
      }
    },
    "libqp": {
      "version": "https://registry.npmjs.org/libqp/-/libqp-1.1.0.tgz",
      "integrity": "sha1-9ebgatdLeU+1tbZpiL9yjvHe2+g="
    },
    "lodash": {
      "version": "https://registry.npmjs.org/lodash/-/lodash-4.17.4.tgz",
      "integrity": "sha1-eCA6TRwyiuHYbcpkYONptX9AVa4="
    },
    "log4js": {
      "version": "https://registry.npmjs.org/log4js/-/log4js-1.0.1.tgz",
      "integrity": "sha1-+vZMEFa2NSpfu/CpO2Gpl5qEIsw=",
      "requires": {
        "debug": "https://registry.npmjs.org/debug/-/debug-2.6.8.tgz",
        "semver": "https://registry.npmjs.org/semver/-/semver-5.4.1.tgz",
        "streamroller": "https://registry.npmjs.org/streamroller/-/streamroller-0.2.2.tgz"
      }
    },
    "long-timeout": {
      "version": "https://registry.npmjs.org/long-timeout/-/long-timeout-0.1.1.tgz",
      "integrity": "sha1-lyHXiLR+C8taJMLivuGg2lXatRQ="
    },
    "mailcomposer": {
      "version": "https://registry.npmjs.org/mailcomposer/-/mailcomposer-4.0.0.tgz",
      "integrity": "sha1-EJssNEMxy+V/oFqC6S0MDxd1KJM=",
      "requires": {
        "buildmail": "https://registry.npmjs.org/buildmail/-/buildmail-4.0.0.tgz",
        "libmime": "https://registry.npmjs.org/libmime/-/libmime-3.0.0.tgz"
      }
    },
    "moment": {
      "version": "https://registry.npmjs.org/moment/-/moment-2.18.1.tgz",
      "integrity": "sha1-w2GT3Tzhwu7SrbfIAtu8d6gbHA8="
    },
    "moment-timezone": {
      "version": "https://registry.npmjs.org/moment-timezone/-/moment-timezone-0.5.13.tgz",
      "integrity": "sha1-mc5cfYJyYusPH3AgRBd/YHRde5A=",
      "requires": {
        "moment": "https://registry.npmjs.org/moment/-/moment-2.18.1.tgz"
      }
    },
    "ms": {
      "version": "https://registry.npmjs.org/ms/-/ms-2.0.0.tgz",
      "integrity": "sha1-VgiurfwAvmwpAd9fmGF4jeDVl8g="
    },
    "nan": {
      "version": "https://registry.npmjs.org/nan/-/nan-2.5.1.tgz",
      "integrity": "sha1-1bAWkSUzJql6K77p5hxV2NYDUeI="
    },
    "node-datetime": {
      "version": "2.0.0",
      "resolved": "https://registry.npmjs.org/node-datetime/-/node-datetime-2.0.0.tgz",
      "integrity": "sha1-QDagI+RMcrRyVrFCnez/W0xIpgg="
    },
    "node-schedule": {
      "version": "https://registry.npmjs.org/node-schedule/-/node-schedule-1.2.4.tgz",
      "integrity": "sha1-x3Zbyy8Y2Iz3N+q14QmCI6PeerY=",
      "requires": {
        "cron-parser": "https://registry.npmjs.org/cron-parser/-/cron-parser-2.4.1.tgz",
        "long-timeout": "https://registry.npmjs.org/long-timeout/-/long-timeout-0.1.1.tgz",
        "sorted-array-functions": "https://registry.npmjs.org/sorted-array-functions/-/sorted-array-functions-1.0.0.tgz"
      }
    },
    "nodemailer": {
      "version": "https://registry.npmjs.org/nodemailer/-/nodemailer-2.7.0.tgz",
      "integrity": "sha1-1o8dbAx6Zfx6u8PA8CAWGDASo2s=",
      "requires": {
        "libmime": "https://registry.npmjs.org/libmime/-/libmime-3.0.0.tgz",
        "mailcomposer": "https://registry.npmjs.org/mailcomposer/-/mailcomposer-4.0.0.tgz",
        "nodemailer-direct-transport": "https://registry.npmjs.org/nodemailer-direct-transport/-/nodemailer-direct-transport-3.3.2.tgz",
        "nodemailer-shared": "https://registry.npmjs.org/nodemailer-shared/-/nodemailer-shared-1.1.0.tgz",
        "nodemailer-smtp-pool": "https://registry.npmjs.org/nodemailer-smtp-pool/-/nodemailer-smtp-pool-2.8.2.tgz",
        "nodemailer-smtp-transport": "https://registry.npmjs.org/nodemailer-smtp-transport/-/nodemailer-smtp-transport-2.7.2.tgz",
        "socks": "https://registry.npmjs.org/socks/-/socks-1.1.9.tgz"
      }
    },
    "nodemailer-direct-transport": {
      "version": "https://registry.npmjs.org/nodemailer-direct-transport/-/nodemailer-direct-transport-3.3.2.tgz",
      "integrity": "sha1-6W+vuQNYVglH5WkBfZfmBzilCoY=",
      "requires": {
        "nodemailer-shared": "https://registry.npmjs.org/nodemailer-shared/-/nodemailer-shared-1.1.0.tgz",
        "smtp-connection": "https://registry.npmjs.org/smtp-connection/-/smtp-connection-2.12.0.tgz"
      }
    },
    "nodemailer-fetch": {
      "version": "https://registry.npmjs.org/nodemailer-fetch/-/nodemailer-fetch-1.6.0.tgz",
      "integrity": "sha1-ecSQihwPXzdbc/6IjamCj23JY6Q="
    },
    "nodemailer-shared": {
      "version": "https://registry.npmjs.org/nodemailer-shared/-/nodemailer-shared-1.1.0.tgz",
      "integrity": "sha1-z1mU4v0mjQD1zw+nZ6CBae2wfsA=",
      "requires": {
        "nodemailer-fetch": "https://registry.npmjs.org/nodemailer-fetch/-/nodemailer-fetch-1.6.0.tgz"
      }
    },
    "nodemailer-smtp-pool": {
      "version": "https://registry.npmjs.org/nodemailer-smtp-pool/-/nodemailer-smtp-pool-2.8.2.tgz",
      "integrity": "sha1-LrlNbPhXgLG0clzoU7nL1ejajHI=",
      "requires": {
        "nodemailer-shared": "https://registry.npmjs.org/nodemailer-shared/-/nodemailer-shared-1.1.0.tgz",
        "nodemailer-wellknown": "https://registry.npmjs.org/nodemailer-wellknown/-/nodemailer-wellknown-0.1.10.tgz",
        "smtp-connection": "https://registry.npmjs.org/smtp-connection/-/smtp-connection-2.12.0.tgz"
      }
    },
    "nodemailer-smtp-transport": {
      "version": "https://registry.npmjs.org/nodemailer-smtp-transport/-/nodemailer-smtp-transport-2.7.2.tgz",
      "integrity": "sha1-A9ccdjFPFKx9vHvwM6am0W1n+3c=",
      "requires": {
        "nodemailer-shared": "https://registry.npmjs.org/nodemailer-shared/-/nodemailer-shared-1.1.0.tgz",
        "nodemailer-wellknown": "https://registry.npmjs.org/nodemailer-wellknown/-/nodemailer-wellknown-0.1.10.tgz",
        "smtp-connection": "https://registry.npmjs.org/smtp-connection/-/smtp-connection-2.12.0.tgz"
      }
    },
    "nodemailer-wellknown": {
      "version": "https://registry.npmjs.org/nodemailer-wellknown/-/nodemailer-wellknown-0.1.10.tgz",
      "integrity": "sha1-WG24EB2zDLRDjrVGc3pBqtDPE9U="
    },
    "object-keys": {
      "version": "https://registry.npmjs.org/object-keys/-/object-keys-1.0.11.tgz",
      "integrity": "sha1-xUYBd4rVYPEULODgG8yotW0TQm0="
    },
    "oracledb": {
      "version": "https://registry.npmjs.org/oracledb/-/oracledb-1.13.1.tgz",
      "integrity": "sha1-kjFktcGSztoBWQ41Jou3AX4krYk=",
      "requires": {
        "nan": "https://registry.npmjs.org/nan/-/nan-2.5.1.tgz"
      }
    },
    "punycode": {
      "version": "https://registry.npmjs.org/punycode/-/punycode-2.1.0.tgz",
      "integrity": "sha1-X4Y+3Im5bbCQdLrXlHvwkFbKTn0="
    },
    "readable-stream": {
      "version": "https://registry.npmjs.org/readable-stream/-/readable-stream-1.1.14.tgz",
      "integrity": "sha1-fPTFTvZI44EwhMY23SB54WbAgdk=",
      "requires": {
        "core-util-is": "https://registry.npmjs.org/core-util-is/-/core-util-is-1.0.2.tgz",
        "inherits": "https://registry.npmjs.org/inherits/-/inherits-2.0.3.tgz",
        "isarray": "https://registry.npmjs.org/isarray/-/isarray-0.0.1.tgz",
        "string_decoder": "https://registry.npmjs.org/string_decoder/-/string_decoder-0.10.31.tgz"
      }
    },
    "semver": {
      "version": "https://registry.npmjs.org/semver/-/semver-5.4.1.tgz",
      "integrity": "sha1-4FnAnYVx8FQII3M0M1BdOi8AsY4="
    },
    "smart-buffer": {
      "version": "https://registry.npmjs.org/smart-buffer/-/smart-buffer-1.1.15.tgz",
      "integrity": "sha1-fxFLW2X6s+KjWqd1uxLw0cZJvxY="
    },
    "smtp-connection": {
      "version": "https://registry.npmjs.org/smtp-connection/-/smtp-connection-2.12.0.tgz",
      "integrity": "sha1-1275EnyyPCJZ7bHoNJwujV4tdME=",
      "requires": {
        "httpntlm": "https://registry.npmjs.org/httpntlm/-/httpntlm-1.6.1.tgz",
        "nodemailer-shared": "https://registry.npmjs.org/nodemailer-shared/-/nodemailer-shared-1.1.0.tgz"
      }
    },
    "socks": {
      "version": "https://registry.npmjs.org/socks/-/socks-1.1.9.tgz",
      "integrity": "sha1-Yo1+TQSRJDVEWsC25Fk3bLPm1pE=",
      "requires": {
        "ip": "https://registry.npmjs.org/ip/-/ip-1.1.5.tgz",
        "smart-buffer": "https://registry.npmjs.org/smart-buffer/-/smart-buffer-1.1.15.tgz"
      }
    },
    "sorted-array-functions": {
      "version": "https://registry.npmjs.org/sorted-array-functions/-/sorted-array-functions-1.0.0.tgz",
      "integrity": "sha1-wLVU2ecJr/y+VtNMGyUUGX/Tgnk="
    },
    "streamroller": {
      "version": "https://registry.npmjs.org/streamroller/-/streamroller-0.2.2.tgz",
      "integrity": "sha1-oTQg4EFp5XPbBo9ZIO4j2IGr/jM=",
      "requires": {
        "date-format": "https://registry.npmjs.org/date-format/-/date-format-0.0.0.tgz",
        "debug": "https://registry.npmjs.org/debug/-/debug-0.7.4.tgz",
        "readable-stream": "https://registry.npmjs.org/readable-stream/-/readable-stream-1.1.14.tgz"
      },
      "dependencies": {
        "debug": {
          "version": "https://registry.npmjs.org/debug/-/debug-0.7.4.tgz",
          "integrity": "sha1-BuHqgILCyxTjmAbiLi9vdX+Srzk="
        }
      }
    },
    "string_decoder": {
      "version": "https://registry.npmjs.org/string_decoder/-/string_decoder-0.10.31.tgz",
      "integrity": "sha1-YuIDvEF2bGwoyfyEMB2rHFMQ+pQ="
    },
    "underscore": {
      "version": "https://registry.npmjs.org/underscore/-/underscore-1.7.0.tgz",
      "integrity": "sha1-a7rwh3UA02vjTsqlhODbn+8DUgk="
    }
  }
}
